
Microsoft Visual Studio Solution File, Format Version 12.00
# Visual Studio Version 17
VisualStudioVersion = 17.5.33627.172
MinimumVisualStudioVersion = 10.0.40219.1
Project("{9A19103F-16F7-4668-BE54-9A1E7A4F7556}") = "Persistence", "Repository\Persistence.csproj", "{7CA49391-0F36-409F-917C-31279DFEAB3E}"
EndProject
Project("{9A19103F-16F7-4668-BE54-9A1E7A4F7556}") = "API", "API\API.csproj", "{2074D458-B7DB-4839-B4F9-7D6272752FED}"
EndProject
Global
	GlobalSection(SolutionConfigurationPlatforms) = preSolution
		Debug|Any CPU = Debug|Any CPU
		Release|Any CPU = Release|Any CPU
	EndGlobalSection
	GlobalSection(ProjectConfigurationPlatforms) = postSolution
		{7CA49391-0F36-409F-917C-31279DFEAB3E}.Debug|Any CPU.ActiveCfg = Debug|Any CPU
		{7CA49391-0F36-409F-917C-31279DFEAB3E}.Debug|Any CPU.Build.0 = Debug|Any CPU
		{7CA49391-0F36-409F-917C-31279DFEAB3E}.Release|Any CPU.ActiveCfg = Release|Any CPU
		{7CA49391-0F36-409F-917C-31279DFEAB3E}.Release|Any CPU.Build.0 = Release|Any CPU
		{2074D458-B7DB-4839-B4F9-7D6272752FED}.Debug|Any CPU.ActiveCfg = Debug|Any CPU
		{2074D458-B7DB-4839-B4F9-7D6272752FED}.Debug|Any CPU.Build.0 = Debug|Any CPU
		{2074D458-B7DB-4839-B4F9-7D6272752FED}.Release|Any CPU.ActiveCfg = Release|Any CPU
		{2074D458-B7DB-4839-B4F9-7D6272752FED}.Release|Any CPU.Build.0 = Release|Any CPU
	EndGlobalSection
	GlobalSection(SolutionProperties) = preSolution
		HideSolutionNode = FALSE
	EndGlobalSection
	GlobalSection(ExtensibilityGlobals) = postSolution
		SolutionGuid = {9983E66C-49E7-48BC-9854-AB363F1B43AA}
	EndGlobalSection
EndGlobal
